
Microsoft Visual Studio Solution File, Format Version 12.00
# Visual Studio Version 17
VisualStudioVersion = 17.6.33723.286
MinimumVisualStudioVersion = 10.0.40219.1
Project("{9A19103F-16F7-4668-BE54-9A1E7A4F7556}") = "TallerBlazor", "TallerBlazor.csproj", "{4320620F-5500-45EF-9AA5-145651547969}"
EndProject
Global
	GlobalSection(SolutionConfigurationPlatforms) = preSolution
		Debug|Any CPU = Debug|Any CPU
		Release|Any CPU = Release|Any CPU
	EndGlobalSection
	GlobalSection(ProjectConfigurationPlatforms) = postSolution
		{4320620F-5500-45EF-9AA5-145651547969}.Debug|Any CPU.ActiveCfg = Debug|Any CPU
		{4320620F-5500-45EF-9AA5-145651547969}.Debug|Any CPU.Build.0 = Debug|Any CPU
		{4320620F-5500-45EF-9AA5-145651547969}.Release|Any CPU.ActiveCfg = Release|Any CPU
		{4320620F-5500-45EF-9AA5-145651547969}.Release|Any CPU.Build.0 = Release|Any CPU
	EndGlobalSection
	GlobalSection(SolutionProperties) = preSolution
		HideSolutionNode = FALSE
	EndGlobalSection
	GlobalSection(ExtensibilityGlobals) = postSolution
		SolutionGuid = {72683D76-5C86-4DF7-AC73-F8D1C719907F}
	EndGlobalSection
EndGlobal
